// !$*UTF8*$!
{
	archiveVersion = 1;
	classes = {
	};
	objectVersion = 50;
	objects = {

/* Begin PBXBuildFile section */
		0D0897B6253A471200DE6647 /* LinkViewModel+Mocks.swift in Sources */ = {isa = PBXBuildFile; fileRef = 0D0897B5253A471200DE6647 /* LinkViewModel+Mocks.swift */; };
		0D0897BA253A538800DE6647 /* LinkListProviderTests.swift in Sources */ = {isa = PBXBuildFile; fileRef = 0D0897B9253A538800DE6647 /* LinkListProviderTests.swift */; };
		0D74D7DC2538AA02002BF9B6 /* LinkIsFavoriteRepository.swift in Sources */ = {isa = PBXBuildFile; fileRef = 0D74D7DB2538AA02002BF9B6 /* LinkIsFavoriteRepository.swift */; };
		0D74D7DF25399A78002BF9B6 /* LinkViewModelTests.swift in Sources */ = {isa = PBXBuildFile; fileRef = 0D74D7DE25399A78002BF9B6 /* LinkViewModelTests.swift */; };
		0D74D7E025399ACA002BF9B6 /* Link.swift in Sources */ = {isa = PBXBuildFile; fileRef = 0DC1747E2537993800A04FB4 /* Link.swift */; };
		0D74D7E125399ACE002BF9B6 /* LinkViewModel.swift in Sources */ = {isa = PBXBuildFile; fileRef = 0DC174882537A40F00A04FB4 /* LinkViewModel.swift */; };
		0D74D7E225399AE6002BF9B6 /* LinkValidator.swift in Sources */ = {isa = PBXBuildFile; fileRef = 0DC1749D2537AB7500A04FB4 /* LinkValidator.swift */; };
		0D74D7E325399AE7002BF9B6 /* Cancellable.swift in Sources */ = {isa = PBXBuildFile; fileRef = 0DC174A52537B95C00A04FB4 /* Cancellable.swift */; };
		0D74D7E425399AEC002BF9B6 /* HTTPRequest.swift in Sources */ = {isa = PBXBuildFile; fileRef = 0DC17481253799A100A04FB4 /* HTTPRequest.swift */; };
		0D74D7E625399D53002BF9B6 /* Disposable.swift in Sources */ = {isa = PBXBuildFile; fileRef = 0DC174A32537B8E000A04FB4 /* Disposable.swift */; };
		0D74D7E725399D59002BF9B6 /* F.swift.swift in Sources */ = {isa = PBXBuildFile; fileRef = 0DC174A725383E3400A04FB4 /* F.swift.swift */; };
		0D74D7E92539A654002BF9B6 /* LinkIsFavoriteRepositoryTests.swift in Sources */ = {isa = PBXBuildFile; fileRef = 0D74D7E82539A654002BF9B6 /* LinkIsFavoriteRepositoryTests.swift */; };
		0D74D7EA2539A689002BF9B6 /* LinkIsFavoriteRepository.swift in Sources */ = {isa = PBXBuildFile; fileRef = 0D74D7DB2538AA02002BF9B6 /* LinkIsFavoriteRepository.swift */; };
		0D74D7EC2539AD5B002BF9B6 /* HTTPRequestContainer.swift in Sources */ = {isa = PBXBuildFile; fileRef = 0D74D7EB2539AD5B002BF9B6 /* HTTPRequestContainer.swift */; };
		0D74D7ED2539ADEA002BF9B6 /* HTTPRequestContainer.swift in Sources */ = {isa = PBXBuildFile; fileRef = 0D74D7EB2539AD5B002BF9B6 /* HTTPRequestContainer.swift */; };
		0D74D7F02539B059002BF9B6 /* HTTPRequestImpl.swift in Sources */ = {isa = PBXBuildFile; fileRef = 0D74D7EF2539B059002BF9B6 /* HTTPRequestImpl.swift */; };
		0D74D7F22539B0F4002BF9B6 /* HTTPRequest+Mocks.swift in Sources */ = {isa = PBXBuildFile; fileRef = 0D74D7F12539B0F4002BF9B6 /* HTTPRequest+Mocks.swift */; };
		0D74D7F42539B13E002BF9B6 /* LinkValidator+Mocks.swift in Sources */ = {isa = PBXBuildFile; fileRef = 0D74D7F32539B13E002BF9B6 /* LinkValidator+Mocks.swift */; };
		0D74D7F52539B1C5002BF9B6 /* HTTPRequestImpl.swift in Sources */ = {isa = PBXBuildFile; fileRef = 0D74D7EF2539B059002BF9B6 /* HTTPRequestImpl.swift */; };
		0D74D7F72539B1F0002BF9B6 /* LinkValidatorTests.swift in Sources */ = {isa = PBXBuildFile; fileRef = 0D74D7F62539B1F0002BF9B6 /* LinkValidatorTests.swift */; };
		0D74D7FA2539B32D002BF9B6 /* Link+Mocks.swift in Sources */ = {isa = PBXBuildFile; fileRef = 0D74D7F92539B32D002BF9B6 /* Link+Mocks.swift */; };
		0D74D7FC253A36C2002BF9B6 /* LinkListViewModelTests.swift in Sources */ = {isa = PBXBuildFile; fileRef = 0D74D7FB253A36C2002BF9B6 /* LinkListViewModelTests.swift */; };
		0D74D7FD253A423D002BF9B6 /* LinkListViewModel.swift in Sources */ = {isa = PBXBuildFile; fileRef = 0DC174862537A39200A04FB4 /* LinkListViewModel.swift */; };
		0D74D7FE253A4268002BF9B6 /* LinkListProvider.swift in Sources */ = {isa = PBXBuildFile; fileRef = 0DC174842537A1D900A04FB4 /* LinkListProvider.swift */; };
		0D74D800253A427F002BF9B6 /* LinkListProvider+Mocks.swift in Sources */ = {isa = PBXBuildFile; fileRef = 0D74D7FF253A427F002BF9B6 /* LinkListProvider+Mocks.swift */; };
		0D74D802253A432B002BF9B6 /* LinkIsFavoriteRepository+Mocks.swift in Sources */ = {isa = PBXBuildFile; fileRef = 0D74D801253A432B002BF9B6 /* LinkIsFavoriteRepository+Mocks.swift */; };
		0D74D805253A4551002BF9B6 /* Module.swift in Sources */ = {isa = PBXBuildFile; fileRef = 0D74D804253A4551002BF9B6 /* Module.swift */; };
		0D74D807253A457C002BF9B6 /* Builder.LinkList.swift in Sources */ = {isa = PBXBuildFile; fileRef = 0D74D806253A457C002BF9B6 /* Builder.LinkList.swift */; };
		0DC174672537981700A04FB4 /* AppDelegate.swift in Sources */ = {isa = PBXBuildFile; fileRef = 0DC174662537981700A04FB4 /* AppDelegate.swift */; };
		0DC1746B2537981700A04FB4 /* LinkTableViewController.swift in Sources */ = {isa = PBXBuildFile; fileRef = 0DC1746A2537981700A04FB4 /* LinkTableViewController.swift */; };
		0DC174702537981800A04FB4 /* Assets.xcassets in Resources */ = {isa = PBXBuildFile; fileRef = 0DC1746F2537981800A04FB4 /* Assets.xcassets */; };
		0DC174732537981800A04FB4 /* LaunchScreen.storyboard in Resources */ = {isa = PBXBuildFile; fileRef = 0DC174712537981800A04FB4 /* LaunchScreen.storyboard */; };
		0DC1747F2537993800A04FB4 /* Link.swift in Sources */ = {isa = PBXBuildFile; fileRef = 0DC1747E2537993800A04FB4 /* Link.swift */; };
		0DC17482253799A100A04FB4 /* HTTPRequest.swift in Sources */ = {isa = PBXBuildFile; fileRef = 0DC17481253799A100A04FB4 /* HTTPRequest.swift */; };
		0DC174852537A1D900A04FB4 /* LinkListProvider.swift in Sources */ = {isa = PBXBuildFile; fileRef = 0DC174842537A1D900A04FB4 /* LinkListProvider.swift */; };
		0DC174872537A39200A04FB4 /* LinkListViewModel.swift in Sources */ = {isa = PBXBuildFile; fileRef = 0DC174862537A39200A04FB4 /* LinkListViewModel.swift */; };
		0DC174892537A41000A04FB4 /* LinkViewModel.swift in Sources */ = {isa = PBXBuildFile; fileRef = 0DC174882537A40F00A04FB4 /* LinkViewModel.swift */; };
		0DC1749C2537AA6400A04FB4 /* LinkTableViewCell.swift in Sources */ = {isa = PBXBuildFile; fileRef = 0DC1749B2537AA6300A04FB4 /* LinkTableViewCell.swift */; };
		0DC1749E2537AB7500A04FB4 /* LinkValidator.swift in Sources */ = {isa = PBXBuildFile; fileRef = 0DC1749D2537AB7500A04FB4 /* LinkValidator.swift */; };
		0DC174A42537B8E000A04FB4 /* Disposable.swift in Sources */ = {isa = PBXBuildFile; fileRef = 0DC174A32537B8E000A04FB4 /* Disposable.swift */; };
		0DC174A62537B95C00A04FB4 /* Cancellable.swift in Sources */ = {isa = PBXBuildFile; fileRef = 0DC174A52537B95C00A04FB4 /* Cancellable.swift */; };
		0DC174A825383E3400A04FB4 /* F.swift.swift in Sources */ = {isa = PBXBuildFile; fileRef = 0DC174A725383E3400A04FB4 /* F.swift.swift */; };
/* End PBXBuildFile section */

/* Begin PBXContainerItemProxy section */
		0DC174932537A9E100A04FB4 /* PBXContainerItemProxy */ = {
			isa = PBXContainerItemProxy;
			containerPortal = 0DC1745B2537981700A04FB4 /* Project object */;
			proxyType = 1;
			remoteGlobalIDString = 0DC174622537981700A04FB4;
			remoteInfo = LinkValidator;
		};
/* End PBXContainerItemProxy section */

/* Begin PBXFileReference section */
		0D0897B5253A471200DE6647 /* LinkViewModel+Mocks.swift */ = {isa = PBXFileReference; lastKnownFileType = sourcecode.swift; path = "LinkViewModel+Mocks.swift"; sourceTree = "<group>"; };
		0D0897B9253A538800DE6647 /* LinkListProviderTests.swift */ = {isa = PBXFileReference; lastKnownFileType = sourcecode.swift; path = LinkListProviderTests.swift; sourceTree = "<group>"; };
		0D74D7DB2538AA02002BF9B6 /* LinkIsFavoriteRepository.swift */ = {isa = PBXFileReference; lastKnownFileType = sourcecode.swift; path = LinkIsFavoriteRepository.swift; sourceTree = "<group>"; };
		0D74D7DE25399A78002BF9B6 /* LinkViewModelTests.swift */ = {isa = PBXFileReference; lastKnownFileType = sourcecode.swift; path = LinkViewModelTests.swift; sourceTree = "<group>"; };
		0D74D7E82539A654002BF9B6 /* LinkIsFavoriteRepositoryTests.swift */ = {isa = PBXFileReference; lastKnownFileType = sourcecode.swift; path = LinkIsFavoriteRepositoryTests.swift; sourceTree = "<group>"; };
		0D74D7EB2539AD5B002BF9B6 /* HTTPRequestContainer.swift */ = {isa = PBXFileReference; lastKnownFileType = sourcecode.swift; path = HTTPRequestContainer.swift; sourceTree = "<group>"; };
		0D74D7EF2539B059002BF9B6 /* HTTPRequestImpl.swift */ = {isa = PBXFileReference; lastKnownFileType = sourcecode.swift; path = HTTPRequestImpl.swift; sourceTree = "<group>"; };
		0D74D7F12539B0F4002BF9B6 /* HTTPRequest+Mocks.swift */ = {isa = PBXFileReference; lastKnownFileType = sourcecode.swift; path = "HTTPRequest+Mocks.swift"; sourceTree = "<group>"; };
		0D74D7F32539B13E002BF9B6 /* LinkValidator+Mocks.swift */ = {isa = PBXFileReference; lastKnownFileType = sourcecode.swift; path = "LinkValidator+Mocks.swift"; sourceTree = "<group>"; };
		0D74D7F62539B1F0002BF9B6 /* LinkValidatorTests.swift */ = {isa = PBXFileReference; lastKnownFileType = sourcecode.swift; path = LinkValidatorTests.swift; sourceTree = "<group>"; };
		0D74D7F92539B32D002BF9B6 /* Link+Mocks.swift */ = {isa = PBXFileReference; lastKnownFileType = sourcecode.swift; path = "Link+Mocks.swift"; sourceTree = "<group>"; };
		0D74D7FB253A36C2002BF9B6 /* LinkListViewModelTests.swift */ = {isa = PBXFileReference; lastKnownFileType = sourcecode.swift; path = LinkListViewModelTests.swift; sourceTree = "<group>"; };
		0D74D7FF253A427F002BF9B6 /* LinkListProvider+Mocks.swift */ = {isa = PBXFileReference; lastKnownFileType = sourcecode.swift; path = "LinkListProvider+Mocks.swift"; sourceTree = "<group>"; };
		0D74D801253A432B002BF9B6 /* LinkIsFavoriteRepository+Mocks.swift */ = {isa = PBXFileReference; lastKnownFileType = sourcecode.swift; path = "LinkIsFavoriteRepository+Mocks.swift"; sourceTree = "<group>"; };
		0D74D804253A4551002BF9B6 /* Module.swift */ = {isa = PBXFileReference; lastKnownFileType = sourcecode.swift; path = Module.swift; sourceTree = "<group>"; };
		0D74D806253A457C002BF9B6 /* Builder.LinkList.swift */ = {isa = PBXFileReference; lastKnownFileType = sourcecode.swift; path = Builder.LinkList.swift; sourceTree = "<group>"; };
		0DC174632537981700A04FB4 /* LinkValidator.app */ = {isa = PBXFileReference; explicitFileType = wrapper.application; includeInIndex = 0; path = LinkValidator.app; sourceTree = BUILT_PRODUCTS_DIR; };
		0DC174662537981700A04FB4 /* AppDelegate.swift */ = {isa = PBXFileReference; lastKnownFileType = sourcecode.swift; path = AppDelegate.swift; sourceTree = "<group>"; };
		0DC1746A2537981700A04FB4 /* LinkTableViewController.swift */ = {isa = PBXFileReference; lastKnownFileType = sourcecode.swift; path = LinkTableViewController.swift; sourceTree = "<group>"; };
		0DC1746F2537981800A04FB4 /* Assets.xcassets */ = {isa = PBXFileReference; lastKnownFileType = folder.assetcatalog; path = Assets.xcassets; sourceTree = "<group>"; };
		0DC174722537981800A04FB4 /* Base */ = {isa = PBXFileReference; lastKnownFileType = file.storyboard; name = Base; path = Base.lproj/LaunchScreen.storyboard; sourceTree = "<group>"; };
		0DC174742537981800A04FB4 /* Info.plist */ = {isa = PBXFileReference; lastKnownFileType = text.plist.xml; path = Info.plist; sourceTree = "<group>"; };
		0DC1747E2537993800A04FB4 /* Link.swift */ = {isa = PBXFileReference; lastKnownFileType = sourcecode.swift; path = Link.swift; sourceTree = "<group>"; };
		0DC17481253799A100A04FB4 /* HTTPRequest.swift */ = {isa = PBXFileReference; lastKnownFileType = sourcecode.swift; path = HTTPRequest.swift; sourceTree = "<group>"; };
		0DC174842537A1D900A04FB4 /* LinkListProvider.swift */ = {isa = PBXFileReference; lastKnownFileType = sourcecode.swift; path = LinkListProvider.swift; sourceTree = "<group>"; };
		0DC174862537A39200A04FB4 /* LinkListViewModel.swift */ = {isa = PBXFileReference; lastKnownFileType = sourcecode.swift; path = LinkListViewModel.swift; sourceTree = "<group>"; };
		0DC174882537A40F00A04FB4 /* LinkViewModel.swift */ = {isa = PBXFileReference; lastKnownFileType = sourcecode.swift; path = LinkViewModel.swift; sourceTree = "<group>"; };
		0DC1748E2537A9E100A04FB4 /* LinkValidatorTests.xctest */ = {isa = PBXFileReference; explicitFileType = wrapper.cfbundle; includeInIndex = 0; path = LinkValidatorTests.xctest; sourceTree = BUILT_PRODUCTS_DIR; };
		0DC174922537A9E100A04FB4 /* Info.plist */ = {isa = PBXFileReference; lastKnownFileType = text.plist.xml; path = Info.plist; sourceTree = "<group>"; };
		0DC1749B2537AA6300A04FB4 /* LinkTableViewCell.swift */ = {isa = PBXFileReference; lastKnownFileType = sourcecode.swift; path = LinkTableViewCell.swift; sourceTree = "<group>"; };
		0DC1749D2537AB7500A04FB4 /* LinkValidator.swift */ = {isa = PBXFileReference; lastKnownFileType = sourcecode.swift; path = LinkValidator.swift; sourceTree = "<group>"; };
		0DC174A32537B8E000A04FB4 /* Disposable.swift */ = {isa = PBXFileReference; lastKnownFileType = sourcecode.swift; path = Disposable.swift; sourceTree = "<group>"; };
		0DC174A52537B95C00A04FB4 /* Cancellable.swift */ = {isa = PBXFileReference; lastKnownFileType = sourcecode.swift; path = Cancellable.swift; sourceTree = "<group>"; };
		0DC174A725383E3400A04FB4 /* F.swift.swift */ = {isa = PBXFileReference; lastKnownFileType = sourcecode.swift; path = F.swift.swift; sourceTree = "<group>"; };
/* End PBXFileReference section */

/* Begin PBXFrameworksBuildPhase section */
		0DC174602537981700A04FB4 /* Frameworks */ = {
			isa = PBXFrameworksBuildPhase;
			buildActionMask = 2147483647;
			files = (
			);
			runOnlyForDeploymentPostprocessing = 0;
		};
		0DC1748B2537A9E100A04FB4 /* Frameworks */ = {
			isa = PBXFrameworksBuildPhase;
			buildActionMask = 2147483647;
			files = (
			);
			runOnlyForDeploymentPostprocessing = 0;
		};
/* End PBXFrameworksBuildPhase section */

/* Begin PBXGroup section */
		0D74D7EE2539AFEF002BF9B6 /* Helpers */ = {
			isa = PBXGroup;
			children = (
				0D74D7F12539B0F4002BF9B6 /* HTTPRequest+Mocks.swift */,
			);
			path = Helpers;
			sourceTree = "<group>";
		};
		0D74D7F82539B31E002BF9B6 /* Model */ = {
			isa = PBXGroup;
			children = (
				0D74D7F92539B32D002BF9B6 /* Link+Mocks.swift */,
			);
			path = Model;
			sourceTree = "<group>";
		};
		0D74D803253A4344002BF9B6 /* Mocks */ = {
			isa = PBXGroup;
			children = (
				0D74D7FF253A427F002BF9B6 /* LinkListProvider+Mocks.swift */,
				0D74D801253A432B002BF9B6 /* LinkIsFavoriteRepository+Mocks.swift */,
				0D0897B5253A471200DE6647 /* LinkViewModel+Mocks.swift */,
				0D74D7F32539B13E002BF9B6 /* LinkValidator+Mocks.swift */,
			);
			path = Mocks;
			sourceTree = "<group>";
		};
		0DC1745A2537981700A04FB4 = {
			isa = PBXGroup;
			children = (
				0DC174652537981700A04FB4 /* LinkValidator */,
				0DC1748F2537A9E100A04FB4 /* LinkValidatorTests */,
				0DC174642537981700A04FB4 /* Products */,
			);
			sourceTree = "<group>";
		};
		0DC174642537981700A04FB4 /* Products */ = {
			isa = PBXGroup;
			children = (
				0DC174632537981700A04FB4 /* LinkValidator.app */,
				0DC1748E2537A9E100A04FB4 /* LinkValidatorTests.xctest */,
			);
			name = Products;
			sourceTree = "<group>";
		};
		0DC174652537981700A04FB4 /* LinkValidator */ = {
			isa = PBXGroup;
			children = (
				0DC174662537981700A04FB4 /* AppDelegate.swift */,
				0DC1747B253798EB00A04FB4 /* Module */,
				0DC174832537A1A500A04FB4 /* Helpers */,
				0DC1747A253798DD00A04FB4 /* Model */,
				0DC1747D2537990A00A04FB4 /* Resources */,
			);
			path = LinkValidator;
			sourceTree = "<group>";
		};
		0DC1747A253798DD00A04FB4 /* Model */ = {
			isa = PBXGroup;
			children = (
				0DC1747E2537993800A04FB4 /* Link.swift */,
			);
			path = Model;
			sourceTree = "<group>";
		};
		0DC1747B253798EB00A04FB4 /* Module */ = {
			isa = PBXGroup;
			children = (
				0D74D804253A4551002BF9B6 /* Module.swift */,
				0DC1747C253798F100A04FB4 /* Link */,
			);
			path = Module;
			sourceTree = "<group>";
		};
		0DC1747C253798F100A04FB4 /* Link */ = {
			isa = PBXGroup;
			children = (
				0D74D806253A457C002BF9B6 /* Builder.LinkList.swift */,
				0DC1746A2537981700A04FB4 /* LinkTableViewController.swift */,
				0DC1749B2537AA6300A04FB4 /* LinkTableViewCell.swift */,
				0DC174862537A39200A04FB4 /* LinkListViewModel.swift */,
				0DC174882537A40F00A04FB4 /* LinkViewModel.swift */,
				0D74D7DB2538AA02002BF9B6 /* LinkIsFavoriteRepository.swift */,
				0DC174842537A1D900A04FB4 /* LinkListProvider.swift */,
				0DC1749D2537AB7500A04FB4 /* LinkValidator.swift */,
			);
			path = Link;
			sourceTree = "<group>";
		};
		0DC1747D2537990A00A04FB4 /* Resources */ = {
			isa = PBXGroup;
			children = (
				0DC1746F2537981800A04FB4 /* Assets.xcassets */,
				0DC174712537981800A04FB4 /* LaunchScreen.storyboard */,
				0DC174742537981800A04FB4 /* Info.plist */,
			);
			path = Resources;
			sourceTree = "<group>";
		};
		0DC174832537A1A500A04FB4 /* Helpers */ = {
			isa = PBXGroup;
			children = (
				0DC17481253799A100A04FB4 /* HTTPRequest.swift */,
				0D74D7EF2539B059002BF9B6 /* HTTPRequestImpl.swift */,
				0D74D7EB2539AD5B002BF9B6 /* HTTPRequestContainer.swift */,
				0DC174A32537B8E000A04FB4 /* Disposable.swift */,
				0DC174A52537B95C00A04FB4 /* Cancellable.swift */,
				0DC174A725383E3400A04FB4 /* F.swift.swift */,
			);
			path = Helpers;
			sourceTree = "<group>";
		};
		0DC1748F2537A9E100A04FB4 /* LinkValidatorTests */ = {
			isa = PBXGroup;
			children = (
				0DC174922537A9E100A04FB4 /* Info.plist */,
				0DC174982537A9FA00A04FB4 /* Modules */,
				0D74D7EE2539AFEF002BF9B6 /* Helpers */,
				0D74D7F82539B31E002BF9B6 /* Model */,
			);
			path = LinkValidatorTests;
			sourceTree = "<group>";
		};
		0DC174982537A9FA00A04FB4 /* Modules */ = {
			isa = PBXGroup;
			children = (
				0DC174992537AA0500A04FB4 /* Link */,
			);
			path = Modules;
			sourceTree = "<group>";
		};
		0DC174992537AA0500A04FB4 /* Link */ = {
			isa = PBXGroup;
			children = (
				0D74D7FB253A36C2002BF9B6 /* LinkListViewModelTests.swift */,
				0D74D7DE25399A78002BF9B6 /* LinkViewModelTests.swift */,
				0D74D7E82539A654002BF9B6 /* LinkIsFavoriteRepositoryTests.swift */,
				0D0897B9253A538800DE6647 /* LinkListProviderTests.swift */,
				0D74D7F62539B1F0002BF9B6 /* LinkValidatorTests.swift */,
				0D74D803253A4344002BF9B6 /* Mocks */,
			);
			path = Link;
			sourceTree = "<group>";
		};
/* End PBXGroup section */

/* Begin PBXNativeTarget section */
		0DC174622537981700A04FB4 /* LinkValidator */ = {
			isa = PBXNativeTarget;
			buildConfigurationList = 0DC174772537981800A04FB4 /* Build configuration list for PBXNativeTarget "LinkValidator" */;
			buildPhases = (
				0DC1745F2537981700A04FB4 /* Sources */,
				0DC174602537981700A04FB4 /* Frameworks */,
				0DC174612537981700A04FB4 /* Resources */,
			);
			buildRules = (
			);
			dependencies = (
			);
			name = LinkValidator;
			productName = LinkValidator;
			productReference = 0DC174632537981700A04FB4 /* LinkValidator.app */;
			productType = "com.apple.product-type.application";
		};
		0DC1748D2537A9E100A04FB4 /* LinkValidatorTests */ = {
			isa = PBXNativeTarget;
			buildConfigurationList = 0DC174952537A9E100A04FB4 /* Build configuration list for PBXNativeTarget "LinkValidatorTests" */;
			buildPhases = (
				0DC1748A2537A9E100A04FB4 /* Sources */,
				0DC1748B2537A9E100A04FB4 /* Frameworks */,
				0DC1748C2537A9E100A04FB4 /* Resources */,
			);
			buildRules = (
			);
			dependencies = (
				0DC174942537A9E100A04FB4 /* PBXTargetDependency */,
			);
			name = LinkValidatorTests;
			productName = LinkValidatorTests;
			productReference = 0DC1748E2537A9E100A04FB4 /* LinkValidatorTests.xctest */;
			productType = "com.apple.product-type.bundle.unit-test";
		};
/* End PBXNativeTarget section */

/* Begin PBXProject section */
		0DC1745B2537981700A04FB4 /* Project object */ = {
			isa = PBXProject;
			attributes = {
				LastSwiftUpdateCheck = 1170;
				LastUpgradeCheck = 1170;
				ORGANIZATIONNAME = Enlod;
				TargetAttributes = {
					0DC174622537981700A04FB4 = {
						CreatedOnToolsVersion = 11.7;
					};
					0DC1748D2537A9E100A04FB4 = {
						CreatedOnToolsVersion = 11.7;
						LastSwiftMigration = 1170;
						TestTargetID = 0DC174622537981700A04FB4;
					};
				};
			};
			buildConfigurationList = 0DC1745E2537981700A04FB4 /* Build configuration list for PBXProject "LinkValidator" */;
			compatibilityVersion = "Xcode 9.3";
			developmentRegion = en;
			hasScannedForEncodings = 0;
			knownRegions = (
				en,
				Base,
			);
			mainGroup = 0DC1745A2537981700A04FB4;
			productRefGroup = 0DC174642537981700A04FB4 /* Products */;
			projectDirPath = "";
			projectRoot = "";
			targets = (
				0DC174622537981700A04FB4 /* LinkValidator */,
				0DC1748D2537A9E100A04FB4 /* LinkValidatorTests */,
			);
		};
/* End PBXProject section */

/* Begin PBXResourcesBuildPhase section */
		0DC174612537981700A04FB4 /* Resources */ = {
			isa = PBXResourcesBuildPhase;
			buildActionMask = 2147483647;
			files = (
				0DC174732537981800A04FB4 /* LaunchScreen.storyboard in Resources */,
				0DC174702537981800A04FB4 /* Assets.xcassets in Resources */,
			);
			runOnlyForDeploymentPostprocessing = 0;
		};
		0DC1748C2537A9E100A04FB4 /* Resources */ = {
			isa = PBXResourcesBuildPhase;
			buildActionMask = 2147483647;
			files = (
			);
			runOnlyForDeploymentPostprocessing = 0;
		};
/* End PBXResourcesBuildPhase section */

/* Begin PBXSourcesBuildPhase section */
		0DC1745F2537981700A04FB4 /* Sources */ = {
			isa = PBXSourcesBuildPhase;
			buildActionMask = 2147483647;
			files = (
				0DC1747F2537993800A04FB4 /* Link.swift in Sources */,
				0DC174892537A41000A04FB4 /* LinkViewModel.swift in Sources */,
				0DC1746B2537981700A04FB4 /* LinkTableViewController.swift in Sources */,
				0D74D805253A4551002BF9B6 /* Module.swift in Sources */,
				0DC1749C2537AA6400A04FB4 /* LinkTableViewCell.swift in Sources */,
				0DC174872537A39200A04FB4 /* LinkListViewModel.swift in Sources */,
				0D74D7DC2538AA02002BF9B6 /* LinkIsFavoriteRepository.swift in Sources */,
				0DC17482253799A100A04FB4 /* HTTPRequest.swift in Sources */,
				0DC1749E2537AB7500A04FB4 /* LinkValidator.swift in Sources */,
				0DC174A62537B95C00A04FB4 /* Cancellable.swift in Sources */,
				0D74D807253A457C002BF9B6 /* Builder.LinkList.swift in Sources */,
				0D74D7EC2539AD5B002BF9B6 /* HTTPRequestContainer.swift in Sources */,
				0DC174A42537B8E000A04FB4 /* Disposable.swift in Sources */,
				0DC174A825383E3400A04FB4 /* F.swift.swift in Sources */,
				0D74D7F02539B059002BF9B6 /* HTTPRequestImpl.swift in Sources */,
				0DC174672537981700A04FB4 /* AppDelegate.swift in Sources */,
				0DC174852537A1D900A04FB4 /* LinkListProvider.swift in Sources */,
			);
			runOnlyForDeploymentPostprocessing = 0;
		};
		0DC1748A2537A9E100A04FB4 /* Sources */ = {
			isa = PBXSourcesBuildPhase;
			buildActionMask = 2147483647;
			files = (
				0D74D7E325399AE7002BF9B6 /* Cancellable.swift in Sources */,
				0D74D7FA2539B32D002BF9B6 /* Link+Mocks.swift in Sources */,
				0D74D7EA2539A689002BF9B6 /* LinkIsFavoriteRepository.swift in Sources */,
				0D74D7E725399D59002BF9B6 /* F.swift.swift in Sources */,
				0D74D7F42539B13E002BF9B6 /* LinkValidator+Mocks.swift in Sources */,
				0D74D7DF25399A78002BF9B6 /* LinkViewModelTests.swift in Sources */,
				0D0897BA253A538800DE6647 /* LinkListProviderTests.swift in Sources */,
				0D74D7E125399ACE002BF9B6 /* LinkViewModel.swift in Sources */,
				0D74D7FE253A4268002BF9B6 /* LinkListProvider.swift in Sources */,
				0D74D7E425399AEC002BF9B6 /* HTTPRequest.swift in Sources */,
				0D74D7F72539B1F0002BF9B6 /* LinkValidatorTests.swift in Sources */,
				0D74D7E92539A654002BF9B6 /* LinkIsFavoriteRepositoryTests.swift in Sources */,
				0D74D7F22539B0F4002BF9B6 /* HTTPRequest+Mocks.swift in Sources */,
				0D74D802253A432B002BF9B6 /* LinkIsFavoriteRepository+Mocks.swift in Sources */,
				0D74D7E225399AE6002BF9B6 /* LinkValidator.swift in Sources */,
				0D74D7E625399D53002BF9B6 /* Disposable.swift in Sources */,
				0D74D7F52539B1C5002BF9B6 /* HTTPRequestImpl.swift in Sources */,
				0D0897B6253A471200DE6647 /* LinkViewModel+Mocks.swift in Sources */,
				0D74D7FD253A423D002BF9B6 /* LinkListViewModel.swift in Sources */,
				0D74D800253A427F002BF9B6 /* LinkListProvider+Mocks.swift in Sources */,
				0D74D7FC253A36C2002BF9B6 /* LinkListViewModelTests.swift in Sources */,
				0D74D7E025399ACA002BF9B6 /* Link.swift in Sources */,
				0D74D7ED2539ADEA002BF9B6 /* HTTPRequestContainer.swift in Sources */,
			);
			runOnlyForDeploymentPostprocessing = 0;
		};
/* End PBXSourcesBuildPhase section */

/* Begin PBXTargetDependency section */
		0DC174942537A9E100A04FB4 /* PBXTargetDependency */ = {
			isa = PBXTargetDependency;
			target = 0DC174622537981700A04FB4 /* LinkValidator */;
			targetProxy = 0DC174932537A9E100A04FB4 /* PBXContainerItemProxy */;
		};
/* End PBXTargetDependency section */

/* Begin PBXVariantGroup section */
		0DC174712537981800A04FB4 /* LaunchScreen.storyboard */ = {
			isa = PBXVariantGroup;
			children = (
				0DC174722537981800A04FB4 /* Base */,
			);
			name = LaunchScreen.storyboard;
			sourceTree = "<group>";
		};
/* End PBXVariantGroup section */

/* Begin XCBuildConfiguration section */
		0DC174752537981800A04FB4 /* Debug */ = {
			isa = XCBuildConfiguration;
			buildSettings = {
				ALWAYS_SEARCH_USER_PATHS = NO;
				CLANG_ANALYZER_NONNULL = YES;
				CLANG_ANALYZER_NUMBER_OBJECT_CONVERSION = YES_AGGRESSIVE;
				CLANG_CXX_LANGUAGE_STANDARD = "gnu++14";
				CLANG_CXX_LIBRARY = "libc++";
				CLANG_ENABLE_MODULES = YES;
				CLANG_ENABLE_OBJC_ARC = YES;
				CLANG_ENABLE_OBJC_WEAK = YES;
				CLANG_WARN_BLOCK_CAPTURE_AUTORELEASING = YES;
				CLANG_WARN_BOOL_CONVERSION = YES;
				CLANG_WARN_COMMA = YES;
				CLANG_WARN_CONSTANT_CONVERSION = YES;
				CLANG_WARN_DEPRECATED_OBJC_IMPLEMENTATIONS = YES;
				CLANG_WARN_DIRECT_OBJC_ISA_USAGE = YES_ERROR;
				CLANG_WARN_DOCUMENTATION_COMMENTS = YES;
				CLANG_WARN_EMPTY_BODY = YES;
				CLANG_WARN_ENUM_CONVERSION = YES;
				CLANG_WARN_INFINITE_RECURSION = YES;
				CLANG_WARN_INT_CONVERSION = YES;
				CLANG_WARN_NON_LITERAL_NULL_CONVERSION = YES;
				CLANG_WARN_OBJC_IMPLICIT_RETAIN_SELF = YES;
				CLANG_WARN_OBJC_LITERAL_CONVERSION = YES;
				CLANG_WARN_OBJC_ROOT_CLASS = YES_ERROR;
				CLANG_WARN_RANGE_LOOP_ANALYSIS = YES;
				CLANG_WARN_STRICT_PROTOTYPES = YES;
				CLANG_WARN_SUSPICIOUS_MOVE = YES;
				CLANG_WARN_UNGUARDED_AVAILABILITY = YES_AGGRESSIVE;
				CLANG_WARN_UNREACHABLE_CODE = YES;
				CLANG_WARN__DUPLICATE_METHOD_MATCH = YES;
				COPY_PHASE_STRIP = NO;
				DEBUG_INFORMATION_FORMAT = dwarf;
				ENABLE_STRICT_OBJC_MSGSEND = YES;
				ENABLE_TESTABILITY = YES;
				GCC_C_LANGUAGE_STANDARD = gnu11;
				GCC_DYNAMIC_NO_PIC = NO;
				GCC_NO_COMMON_BLOCKS = YES;
				GCC_OPTIMIZATION_LEVEL = 0;
				GCC_PREPROCESSOR_DEFINITIONS = (
					"DEBUG=1",
					"$(inherited)",
				);
				GCC_WARN_64_TO_32_BIT_CONVERSION = YES;
				GCC_WARN_ABOUT_RETURN_TYPE = YES_ERROR;
				GCC_WARN_UNDECLARED_SELECTOR = YES;
				GCC_WARN_UNINITIALIZED_AUTOS = YES_AGGRESSIVE;
				GCC_WARN_UNUSED_FUNCTION = YES;
				GCC_WARN_UNUSED_VARIABLE = YES;
				IPHONEOS_DEPLOYMENT_TARGET = 13.7;
				MTL_ENABLE_DEBUG_INFO = INCLUDE_SOURCE;
				MTL_FAST_MATH = YES;
				ONLY_ACTIVE_ARCH = YES;
				SDKROOT = iphoneos;
				SWIFT_ACTIVE_COMPILATION_CONDITIONS = DEBUG;
				SWIFT_OPTIMIZATION_LEVEL = "-Onone";
			};
			name = Debug;
		};
		0DC174762537981800A04FB4 /* Release */ = {
			isa = XCBuildConfiguration;
			buildSettings = {
				ALWAYS_SEARCH_USER_PATHS = NO;
				CLANG_ANALYZER_NONNULL = YES;
				CLANG_ANALYZER_NUMBER_OBJECT_CONVERSION = YES_AGGRESSIVE;
				CLANG_CXX_LANGUAGE_STANDARD = "gnu++14";
				CLANG_CXX_LIBRARY = "libc++";
				CLANG_ENABLE_MODULES = YES;
				CLANG_ENABLE_OBJC_ARC = YES;
				CLANG_ENABLE_OBJC_WEAK = YES;
				CLANG_WARN_BLOCK_CAPTURE_AUTORELEASING = YES;
				CLANG_WARN_BOOL_CONVERSION = YES;
				CLANG_WARN_COMMA = YES;
				CLANG_WARN_CONSTANT_CONVERSION = YES;
				CLANG_WARN_DEPRECATED_OBJC_IMPLEMENTATIONS = YES;
				CLANG_WARN_DIRECT_OBJC_ISA_USAGE = YES_ERROR;
				CLANG_WARN_DOCUMENTATION_COMMENTS = YES;
				CLANG_WARN_EMPTY_BODY = YES;
				CLANG_WARN_ENUM_CONVERSION = YES;
				CLANG_WARN_INFINITE_RECURSION = YES;
				CLANG_WARN_INT_CONVERSION = YES;
				CLANG_WARN_NON_LITERAL_NULL_CONVERSION = YES;
				CLANG_WARN_OBJC_IMPLICIT_RETAIN_SELF = YES;
				CLANG_WARN_OBJC_LITERAL_CONVERSION = YES;
				CLANG_WARN_OBJC_ROOT_CLASS = YES_ERROR;
				CLANG_WARN_RANGE_LOOP_ANALYSIS = YES;
				CLANG_WARN_STRICT_PROTOTYPES = YES;
				CLANG_WARN_SUSPICIOUS_MOVE = YES;
				CLANG_WARN_UNGUARDED_AVAILABILITY = YES_AGGRESSIVE;
				CLANG_WARN_UNREACHABLE_CODE = YES;
				CLANG_WARN__DUPLICATE_METHOD_MATCH = YES;
				COPY_PHASE_STRIP = NO;
				DEBUG_INFORMATION_FORMAT = "dwarf-with-dsym";
				ENABLE_NS_ASSERTIONS = NO;
				ENABLE_STRICT_OBJC_MSGSEND = YES;
				GCC_C_LANGUAGE_STANDARD = gnu11;
				GCC_NO_COMMON_BLOCKS = YES;
				GCC_WARN_64_TO_32_BIT_CONVERSION = YES;
				GCC_WARN_ABOUT_RETURN_TYPE = YES_ERROR;
				GCC_WARN_UNDECLARED_SELECTOR = YES;
				GCC_WARN_UNINITIALIZED_AUTOS = YES_AGGRESSIVE;
				GCC_WARN_UNUSED_FUNCTION = YES;
				GCC_WARN_UNUSED_VARIABLE = YES;
				IPHONEOS_DEPLOYMENT_TARGET = 13.7;
				MTL_ENABLE_DEBUG_INFO = NO;
				MTL_FAST_MATH = YES;
				SDKROOT = iphoneos;
				SWIFT_COMPILATION_MODE = wholemodule;
				SWIFT_OPTIMIZATION_LEVEL = "-O";
				VALIDATE_PRODUCT = YES;
			};
			name = Release;
		};
		0DC174782537981800A04FB4 /* Debug */ = {
			isa = XCBuildConfiguration;
			buildSettings = {
				ASSETCATALOG_COMPILER_APPICON_NAME = AppIcon;
				CODE_SIGN_STYLE = Automatic;
				DEVELOPMENT_TEAM = 5JR5L7DXV6;
				INFOPLIST_FILE = LinkValidator/Resources/Info.plist;
				LD_RUNPATH_SEARCH_PATHS = (
					"$(inherited)",
					"@executable_path/Frameworks",
				);
				PRODUCT_BUNDLE_IDENTIFIER = Enlod.LinkValidator;
				PRODUCT_NAME = "$(TARGET_NAME)";
				SWIFT_VERSION = 5.0;
				TARGETED_DEVICE_FAMILY = "1,2";
			};
			name = Debug;
		};
		0DC174792537981800A04FB4 /* Release */ = {
			isa = XCBuildConfiguration;
			buildSettings = {
				ASSETCATALOG_COMPILER_APPICON_NAME = AppIcon;
				CODE_SIGN_STYLE = Automatic;
				DEVELOPMENT_TEAM = 5JR5L7DXV6;
				INFOPLIST_FILE = LinkValidator/Resources/Info.plist;
				LD_RUNPATH_SEARCH_PATHS = (
					"$(inherited)",
					"@executable_path/Frameworks",
				);
				PRODUCT_BUNDLE_IDENTIFIER = Enlod.LinkValidator;
				PRODUCT_NAME = "$(TARGET_NAME)";
				SWIFT_VERSION = 5.0;
				TARGETED_DEVICE_FAMILY = "1,2";
			};
			name = Release;
		};
		0DC174962537A9E100A04FB4 /* Debug */ = {
			isa = XCBuildConfiguration;
			buildSettings = {
				BUNDLE_LOADER = "$(TEST_HOST)";
				CLANG_ENABLE_MODULES = YES;
				CODE_SIGN_STYLE = Automatic;
				DEVELOPMENT_TEAM = 5JR5L7DXV6;
				INFOPLIST_FILE = LinkValidatorTests/Info.plist;
				LD_RUNPATH_SEARCH_PATHS = (
					"$(inherited)",
					"@executable_path/Frameworks",
					"@loader_path/Frameworks",
				);
				PRODUCT_BUNDLE_IDENTIFIER = Enlod.LinkValidatorTests;
				PRODUCT_NAME = "$(TARGET_NAME)";
				SWIFT_OPTIMIZATION_LEVEL = "-Onone";
				SWIFT_VERSION = 5.0;
				TARGETED_DEVICE_FAMILY = "1,2";
				TEST_HOST = "$(BUILT_PRODUCTS_DIR)/LinkValidator.app/LinkValidator";
			};
			name = Debug;
		};
		0DC174972537A9E100A04FB4 /* Release */ = {
			isa = XCBuildConfiguration;
			buildSettings = {
				BUNDLE_LOADER = "$(TEST_HOST)";
				CLANG_ENABLE_MODULES = YES;
				CODE_SIGN_STYLE = Automatic;
				DEVELOPMENT_TEAM = 5JR5L7DXV6;
				INFOPLIST_FILE = LinkValidatorTests/Info.plist;
				LD_RUNPATH_SEARCH_PATHS = (
					"$(inherited)",
					"@executable_path/Frameworks",
					"@loader_path/Frameworks",
				);
				PRODUCT_BUNDLE_IDENTIFIER = Enlod.LinkValidatorTests;
				PRODUCT_NAME = "$(TARGET_NAME)";
				SWIFT_VERSION = 5.0;
				TARGETED_DEVICE_FAMILY = "1,2";
				TEST_HOST = "$(BUILT_PRODUCTS_DIR)/LinkValidator.app/LinkValidator";
			};
			name = Release;
		};
/* End XCBuildConfiguration section */

/* Begin XCConfigurationList section */
		0DC1745E2537981700A04FB4 /* Build configuration list for PBXProject "LinkValidator" */ = {
			isa = XCConfigurationList;
			buildConfigurations = (
				0DC174752537981800A04FB4 /* Debug */,
				0DC174762537981800A04FB4 /* Release */,
			);
			defaultConfigurationIsVisible = 0;
			defaultConfigurationName = Release;
		};
		0DC174772537981800A04FB4 /* Build configuration list for PBXNativeTarget "LinkValidator" */ = {
			isa = XCConfigurationList;
			buildConfigurations = (
				0DC174782537981800A04FB4 /* Debug */,
				0DC174792537981800A04FB4 /* Release */,
			);
			defaultConfigurationIsVisible = 0;
			defaultConfigurationName = Release;
		};
		0DC174952537A9E100A04FB4 /* Build configuration list for PBXNativeTarget "LinkValidatorTests" */ = {
			isa = XCConfigurationList;
			buildConfigurations = (
				0DC174962537A9E100A04FB4 /* Debug */,
				0DC174972537A9E100A04FB4 /* Release */,
			);
			defaultConfigurationIsVisible = 0;
			defaultConfigurationName = Release;
		};
/* End XCConfigurationList section */
	};
	rootObject = 0DC1745B2537981700A04FB4 /* Project object */;
}
